
Microsoft Visual Studio Solution File, Format Version 11.00
# Visual Studio 2010
Project("{FAE04EC0-301F-11D3-BF4B-00C04F79EFBC}") = "Assembly-CSharp", "Assembly-CSharp.csproj", "{0932C239-7B32-9E97-FCFF-4C1017FB381C}"
EndProject
Project("{FAE04EC0-301F-11D3-BF4B-00C04F79EFBC}") = "Assembly-CSharp-firstpass", "Assembly-CSharp-firstpass.csproj", "{411215C6-0E28-6D35-AC5C-8464F7F6170D}"
EndProject
Global
	GlobalSection(SolutionConfigurationPlatforms) = preSolution
		Debug|Any CPU = Debug|Any CPU
		Release|Any CPU = Release|Any CPU
	EndGlobalSection
	GlobalSection(ProjectConfigurationPlatforms) = postSolution
		{0932C239-7B32-9E97-FCFF-4C1017FB381C}.Debug|Any CPU.ActiveCfg = Debug|Any CPU
		{0932C239-7B32-9E97-FCFF-4C1017FB381C}.Debug|Any CPU.Build.0 = Debug|Any CPU
		{0932C239-7B32-9E97-FCFF-4C1017FB381C}.Release|Any CPU.ActiveCfg = Release|Any CPU
		{0932C239-7B32-9E97-FCFF-4C1017FB381C}.Release|Any CPU.Build.0 = Release|Any CPU
		{411215C6-0E28-6D35-AC5C-8464F7F6170D}.Debug|Any CPU.ActiveCfg = Debug|Any CPU
		{411215C6-0E28-6D35-AC5C-8464F7F6170D}.Debug|Any CPU.Build.0 = Debug|Any CPU
		{411215C6-0E28-6D35-AC5C-8464F7F6170D}.Release|Any CPU.ActiveCfg = Release|Any CPU
		{411215C6-0E28-6D35-AC5C-8464F7F6170D}.Release|Any CPU.Build.0 = Release|Any CPU
	EndGlobalSection
	GlobalSection(SolutionProperties) = preSolution
		HideSolutionNode = FALSE
	EndGlobalSection
EndGlobal
